<?xml version="1.0" encoding="utf-8"?>
<Project ToolsVersion="4.0" xmlns="http://schemas.microsoft.com/developer/msbuild/2003">
  <ItemGroup>
    <Filter Include="Source Files">
      <UniqueIdentifier>{4FC737F1-C7A5-4376-A066-2A32D752A2FF}</UniqueIdentifier>
      <Extensions>cpp;c;cc;cxx;def;odl;idl;hpj;bat;asm;asmx</Extensions>
    </Filter>
    <Filter Include="Header Files">
      <UniqueIdentifier>{93995380-89BD-4b04-88EB-625FBE52EBFB}</UniqueIdentifier>
      <Extensions>h;hh;hpp;hxx;hm;inl;inc;xsd</Extensions>
    </Filter>
    <Filter Include="Resource Files">
      <UniqueIdentifier>{67DA6AB6-F800-4c08-8B7A-83BB121AAD01}</UniqueIdentifier>
      <Extensions>rc;ico;cur;bmp;dlg;rc2;rct;bin;rgs;gif;jpg;jpeg;jpe;resx;tiff;tif;png;wav;mfcribbon-ms</Extensions>
    </Filter>
    <Filter Include="Source Files\SipUA">
      <UniqueIdentifier>{9a271d6b-c4e8-4687-bfb8-9251389fb50d}</UniqueIdentifier>
    </Filter>
    <Filter Include="Header Files\SipUA">
      <UniqueIdentifier>{4cd20496-1e7f-4ee7-b278-450264dcd382}</UniqueIdentifier>
    </Filter>
    <Filter Include="Source Files\MediaSession">
      <UniqueIdentifier>{c50c2b00-7da1-4134-994e-cb480945440e}</UniqueIdentifier>
    </Filter>
    <Filter Include="Header Files\MediaSession">
      <UniqueIdentifier>{66e23ed7-6b8e-4482-ac46-d8e4934758da}</UniqueIdentifier>
    </Filter>
    <Filter Include="Header Files\MediaSource">
      <UniqueIdentifier>{f8c22e87-991a-4642-9b1e-6db44ab9cb33}</UniqueIdentifier>
    </Filter>
    <Filter Include="Source Files\MediaSource">
      <UniqueIdentifier>{82889d92-2714-4244-b6d2-2391454f4cde}</UniqueIdentifier>
    </Filter>
    <Filter Include="Header Files\RtpReceiver">
      <UniqueIdentifier>{3c8ecccb-cddf-402b-bab9-9f40d0eb574d}</UniqueIdentifier>
    </Filter>
    <Filter Include="Source Files\RtpReceiver">
      <UniqueIdentifier>{3d37d239-7b97-4428-a9ec-e58d463c288b}</UniqueIdentifier>
    </Filter>
    <Filter Include="Header Files\DataRepository">
      <UniqueIdentifier>{a76e4e99-1ffa-4417-90bd-d3ab3da7a133}</UniqueIdentifier>
    </Filter>
  </ItemGroup>
  <ItemGroup>
    <Text Include="ReadMe.txt" />
  </ItemGroup>
  <ItemGroup>
    <ClCompile Include="stdafx.cpp">
      <Filter>Source Files</Filter>
    </ClCompile>
    <ClCompile Include="SipClient.cpp">
      <Filter>Source Files</Filter>
    </ClCompile>
    <ClCompile Include="SipClientCtrl.cpp">
      <Filter>Source Files</Filter>
    </ClCompile>
    <ClCompile Include="SipClientPropPage.cpp">
      <Filter>Source Files</Filter>
    </ClCompile>
    <ClCompile Include="VideoDlg.cpp">
      <Filter>Source Files</Filter>
    </ClCompile>
    <ClCompile Include="SipUA\SipUA.cpp">
      <Filter>Source Files\SipUA</Filter>
    </ClCompile>
    <ClCompile Include="MediaSession\MediaSession.cpp">
      <Filter>Source Files\MediaSession</Filter>
    </ClCompile>
    <ClCompile Include="RtpReceiver\RtpReceiver.cpp">
      <Filter>Source Files\RtpReceiver</Filter>
    </ClCompile>
  </ItemGroup>
  <ItemGroup>
    <ClInclude Include="stdafx.h">
      <Filter>Header Files</Filter>
    </ClInclude>
    <ClInclude Include="targetver.h">
      <Filter>Header Files</Filter>
    </ClInclude>
    <ClInclude Include="SipClient.h">
      <Filter>Header Files</Filter>
    </ClInclude>
    <ClInclude Include="Resource.h">
      <Filter>Header Files</Filter>
    </ClInclude>
    <ClInclude Include="SipClientCtrl.h">
      <Filter>Header Files</Filter>
    </ClInclude>
    <ClInclude Include="SipClientPropPage.h">
      <Filter>Header Files</Filter>
    </ClInclude>
    <ClInclude Include="VideoDlg.h">
      <Filter>Header Files</Filter>
    </ClInclude>
    <ClInclude Include="SipUA\SipUA.h">
      <Filter>Header Files\SipUA</Filter>
    </ClInclude>
    <ClInclude Include="MediaSession\MediaSession.h">
      <Filter>Header Files\MediaSession</Filter>
    </ClInclude>
    <ClInclude Include="RtpReceiver\RtpReceiver.h">
      <Filter>Header Files\RtpReceiver</Filter>
    </ClInclude>
    <ClInclude Include="..\DataRepository\include\DataRepository.h">
      <Filter>Header Files\DataRepository</Filter>
    </ClInclude>
    <ClInclude Include="..\DataRepository\include\MyFifo.h">
      <Filter>Header Files\DataRepository</Filter>
    </ClInclude>
    <ClInclude Include="..\DataRepository\include\MyNode.h">
      <Filter>Header Files\DataRepository</Filter>
    </ClInclude>
    <ClInclude Include="RtpReceiver\PsPacketParser.h">
      <Filter>Header Files\RtpReceiver</Filter>
    </ClInclude>
  </ItemGroup>
  <ItemGroup>
    <None Include="SipClient.def">
      <Filter>Source Files</Filter>
    </None>
    <None Include="ClassDiagram.cd" />
  </ItemGroup>
  <ItemGroup>
    <ResourceCompile Include="SipClient.rc">
      <Filter>Resource Files</Filter>
    </ResourceCompile>
  </ItemGroup>
  <ItemGroup>
    <Midl Include="SipClient.idl">
      <Filter>Source Files</Filter>
    </Midl>
  </ItemGroup>
  <ItemGroup>
    <Image Include="SipClient.ico">
      <Filter>Resource Files</Filter>
    </Image>
    <Image Include="SipClientCtrl.bmp">
      <Filter>Resource Files</Filter>
    </Image>
  </ItemGroup>
</Project>