<?xml version="1.0" encoding="utf-8"?>
<Project ToolsVersion="4.0" xmlns="http://schemas.microsoft.com/developer/msbuild/2003">
  <ItemGroup>
    <Filter Include="源文件">
      <UniqueIdentifier>{4FC737F1-C7A5-4376-A066-2A32D752A2FF}</UniqueIdentifier>
      <Extensions>cpp;c;cc;cxx;def;odl;idl;hpj;bat;asm;asmx</Extensions>
    </Filter>
    <Filter Include="头文件">
      <UniqueIdentifier>{93995380-89BD-4b04-88EB-625FBE52EBFB}</UniqueIdentifier>
      <Extensions>h;hpp;hxx;hm;inl;inc;xsd</Extensions>
    </Filter>
    <Filter Include="资源文件">
      <UniqueIdentifier>{67DA6AB6-F800-4c08-8B7A-83BB121AAD01}</UniqueIdentifier>
      <Extensions>rc;ico;cur;bmp;dlg;rc2;rct;bin;rgs;gif;jpg;jpeg;jpe;resx;tiff;tif;png;wav;mfcribbon-ms</Extensions>
    </Filter>
    <Filter Include="头文件\eXosip2">
      <UniqueIdentifier>{c8a0b759-e6ec-402d-82d1-61ea78e35172}</UniqueIdentifier>
    </Filter>
    <Filter Include="头文件\osip2">
      <UniqueIdentifier>{5d143ae7-746f-4bf9-90e7-0703d17c312a}</UniqueIdentifier>
    </Filter>
    <Filter Include="头文件\osipparser2">
      <UniqueIdentifier>{670842d8-2ac1-4a4b-a0d2-d53dc2dd399b}</UniqueIdentifier>
    </Filter>
    <Filter Include="源文件\eXosip">
      <UniqueIdentifier>{7cbe5e65-8d20-4520-9dfa-4aebe2eb3973}</UniqueIdentifier>
    </Filter>
    <Filter Include="源文件\osipparser2">
      <UniqueIdentifier>{565b4d50-e416-4629-883a-e286ca1bde75}</UniqueIdentifier>
    </Filter>
    <Filter Include="源文件\osip2">
      <UniqueIdentifier>{f57aeb4b-346b-420d-990b-8647c0b9fa4f}</UniqueIdentifier>
    </Filter>
  </ItemGroup>
  <ItemGroup>
    <None Include="ReadMe.txt" />
  </ItemGroup>
  <ItemGroup>
    <ClInclude Include="include\eXosip2\eX_call.h">
      <Filter>头文件\eXosip2</Filter>
    </ClInclude>
    <ClInclude Include="include\eXosip2\eX_message.h">
      <Filter>头文件\eXosip2</Filter>
    </ClInclude>
    <ClInclude Include="include\eXosip2\eX_options.h">
      <Filter>头文件\eXosip2</Filter>
    </ClInclude>
    <ClInclude Include="include\eXosip2\eX_publish.h">
      <Filter>头文件\eXosip2</Filter>
    </ClInclude>
    <ClInclude Include="include\eXosip2\eX_refer.h">
      <Filter>头文件\eXosip2</Filter>
    </ClInclude>
    <ClInclude Include="include\eXosip2\eX_register.h">
      <Filter>头文件\eXosip2</Filter>
    </ClInclude>
    <ClInclude Include="include\eXosip2\eX_setup.h">
      <Filter>头文件\eXosip2</Filter>
    </ClInclude>
    <ClInclude Include="include\eXosip2\eX_subscribe.h">
      <Filter>头文件\eXosip2</Filter>
    </ClInclude>
    <ClInclude Include="include\eXosip2\eXosip.h">
      <Filter>头文件\eXosip2</Filter>
    </ClInclude>
    <ClInclude Include="include\osipparser2\internal.h">
      <Filter>头文件\osipparser2</Filter>
    </ClInclude>
    <ClInclude Include="include\osipparser2\osip_body.h">
      <Filter>头文件\osipparser2</Filter>
    </ClInclude>
    <ClInclude Include="include\osipparser2\osip_const.h">
      <Filter>头文件\osipparser2</Filter>
    </ClInclude>
    <ClInclude Include="include\osipparser2\osip_headers.h">
      <Filter>头文件\osipparser2</Filter>
    </ClInclude>
    <ClInclude Include="include\osipparser2\osip_list.h">
      <Filter>头文件\osipparser2</Filter>
    </ClInclude>
    <ClInclude Include="include\osipparser2\osip_md5.h">
      <Filter>头文件\osipparser2</Filter>
    </ClInclude>
    <ClInclude Include="include\osipparser2\osip_message.h">
      <Filter>头文件\osipparser2</Filter>
    </ClInclude>
    <ClInclude Include="include\osipparser2\osip_parser.h">
      <Filter>头文件\osipparser2</Filter>
    </ClInclude>
    <ClInclude Include="include\osipparser2\osip_port.h">
      <Filter>头文件\osipparser2</Filter>
    </ClInclude>
    <ClInclude Include="include\osipparser2\osip_uri.h">
      <Filter>头文件\osipparser2</Filter>
    </ClInclude>
    <ClInclude Include="include\osipparser2\sdp_message.h">
      <Filter>头文件\osipparser2</Filter>
    </ClInclude>
    <ClInclude Include="include\osip2\internal.h">
      <Filter>头文件\osip2</Filter>
    </ClInclude>
    <ClInclude Include="include\osip2\osip.h">
      <Filter>头文件\osip2</Filter>
    </ClInclude>
    <ClInclude Include="include\osip2\osip_condv.h">
      <Filter>头文件\osip2</Filter>
    </ClInclude>
    <ClInclude Include="include\osip2\osip_dialog.h">
      <Filter>头文件\osip2</Filter>
    </ClInclude>
    <ClInclude Include="include\osip2\osip_fifo.h">
      <Filter>头文件\osip2</Filter>
    </ClInclude>
    <ClInclude Include="include\osip2\osip_mt.h">
      <Filter>头文件\osip2</Filter>
    </ClInclude>
    <ClInclude Include="include\osip2\osip_time.h">
      <Filter>头文件\osip2</Filter>
    </ClInclude>
    <ClInclude Include="eXosip\eXosip2.h">
      <Filter>源文件\eXosip</Filter>
    </ClInclude>
    <ClInclude Include="eXosip\eXtransport.h">
      <Filter>源文件\eXosip</Filter>
    </ClInclude>
    <ClInclude Include="eXosip\inet_ntop.h">
      <Filter>源文件\eXosip</Filter>
    </ClInclude>
    <ClInclude Include="eXosip\jpipe.h">
      <Filter>源文件\eXosip</Filter>
    </ClInclude>
    <ClInclude Include="eXosip\milenage.h">
      <Filter>源文件\eXosip</Filter>
    </ClInclude>
    <ClInclude Include="eXosip\rijndael.h">
      <Filter>源文件\eXosip</Filter>
    </ClInclude>
    <ClInclude Include="osip2\fsm.h">
      <Filter>源文件\osip2</Filter>
    </ClInclude>
    <ClInclude Include="osip2\xixt.h">
      <Filter>源文件\osip2</Filter>
    </ClInclude>
    <ClInclude Include="osipparser2\parser.h">
      <Filter>源文件\osipparser2</Filter>
    </ClInclude>
  </ItemGroup>
  <ItemGroup>
    <ClCompile Include="eXosip\eXcall_api.c">
      <Filter>源文件\eXosip</Filter>
    </ClCompile>
    <ClCompile Include="eXosip\eXconf.c">
      <Filter>源文件\eXosip</Filter>
    </ClCompile>
    <ClCompile Include="eXosip\eXinsubscription_api.c">
      <Filter>源文件\eXosip</Filter>
    </ClCompile>
    <ClCompile Include="eXosip\eXmessage_api.c">
      <Filter>源文件\eXosip</Filter>
    </ClCompile>
    <ClCompile Include="eXosip\eXoptions_api.c">
      <Filter>源文件\eXosip</Filter>
    </ClCompile>
    <ClCompile Include="eXosip\eXosip.c">
      <Filter>源文件\eXosip</Filter>
    </ClCompile>
    <ClCompile Include="eXosip\eXpublish_api.c">
      <Filter>源文件\eXosip</Filter>
    </ClCompile>
    <ClCompile Include="eXosip\eXrefer_api.c">
      <Filter>源文件\eXosip</Filter>
    </ClCompile>
    <ClCompile Include="eXosip\eXregister_api.c">
      <Filter>源文件\eXosip</Filter>
    </ClCompile>
    <ClCompile Include="eXosip\eXsubscription_api.c">
      <Filter>源文件\eXosip</Filter>
    </ClCompile>
    <ClCompile Include="eXosip\eXtl_dtls.c">
      <Filter>源文件\eXosip</Filter>
    </ClCompile>
    <ClCompile Include="eXosip\eXtl_tcp.c">
      <Filter>源文件\eXosip</Filter>
    </ClCompile>
    <ClCompile Include="eXosip\eXtl_tls.c">
      <Filter>源文件\eXosip</Filter>
    </ClCompile>
    <ClCompile Include="eXosip\eXtl_udp.c">
      <Filter>源文件\eXosip</Filter>
    </ClCompile>
    <ClCompile Include="eXosip\eXtransport.c">
      <Filter>源文件\eXosip</Filter>
    </ClCompile>
    <ClCompile Include="eXosip\eXutils.c">
      <Filter>源文件\eXosip</Filter>
    </ClCompile>
    <ClCompile Include="eXosip\inet_ntop.c">
      <Filter>源文件\eXosip</Filter>
    </ClCompile>
    <ClCompile Include="eXosip\jauth.c">
      <Filter>源文件\eXosip</Filter>
    </ClCompile>
    <ClCompile Include="eXosip\jcall.c">
      <Filter>源文件\eXosip</Filter>
    </ClCompile>
    <ClCompile Include="eXosip\jcallback.c">
      <Filter>源文件\eXosip</Filter>
    </ClCompile>
    <ClCompile Include="eXosip\jdialog.c">
      <Filter>源文件\eXosip</Filter>
    </ClCompile>
    <ClCompile Include="eXosip\jevents.c">
      <Filter>源文件\eXosip</Filter>
    </ClCompile>
    <ClCompile Include="eXosip\jnotify.c">
      <Filter>源文件\eXosip</Filter>
    </ClCompile>
    <ClCompile Include="eXosip\jpipe.c">
      <Filter>源文件\eXosip</Filter>
    </ClCompile>
    <ClCompile Include="eXosip\jpublish.c">
      <Filter>源文件\eXosip</Filter>
    </ClCompile>
    <ClCompile Include="eXosip\jreg.c">
      <Filter>源文件\eXosip</Filter>
    </ClCompile>
    <ClCompile Include="eXosip\jrequest.c">
      <Filter>源文件\eXosip</Filter>
    </ClCompile>
    <ClCompile Include="eXosip\jresponse.c">
      <Filter>源文件\eXosip</Filter>
    </ClCompile>
    <ClCompile Include="eXosip\jsubscribe.c">
      <Filter>源文件\eXosip</Filter>
    </ClCompile>
    <ClCompile Include="eXosip\milenage.c">
      <Filter>源文件\eXosip</Filter>
    </ClCompile>
    <ClCompile Include="eXosip\misc.c">
      <Filter>源文件\eXosip</Filter>
    </ClCompile>
    <ClCompile Include="eXosip\rijndael.c">
      <Filter>源文件\eXosip</Filter>
    </ClCompile>
    <ClCompile Include="eXosip\sdp_offans.c">
      <Filter>源文件\eXosip</Filter>
    </ClCompile>
    <ClCompile Include="eXosip\udp.c">
      <Filter>源文件\eXosip</Filter>
    </ClCompile>
    <ClCompile Include="osip2\fsm_misc.c">
      <Filter>源文件\osip2</Filter>
    </ClCompile>
    <ClCompile Include="osip2\ict.c">
      <Filter>源文件\osip2</Filter>
    </ClCompile>
    <ClCompile Include="osip2\ict_fsm.c">
      <Filter>源文件\osip2</Filter>
    </ClCompile>
    <ClCompile Include="osip2\ist.c">
      <Filter>源文件\osip2</Filter>
    </ClCompile>
    <ClCompile Include="osip2\ist_fsm.c">
      <Filter>源文件\osip2</Filter>
    </ClCompile>
    <ClCompile Include="osip2\nict.c">
      <Filter>源文件\osip2</Filter>
    </ClCompile>
    <ClCompile Include="osip2\nict_fsm.c">
      <Filter>源文件\osip2</Filter>
    </ClCompile>
    <ClCompile Include="osip2\nist.c">
      <Filter>源文件\osip2</Filter>
    </ClCompile>
    <ClCompile Include="osip2\nist_fsm.c">
      <Filter>源文件\osip2</Filter>
    </ClCompile>
    <ClCompile Include="osip2\osip.c">
      <Filter>源文件\osip2</Filter>
    </ClCompile>
    <ClCompile Include="osip2\osip_dialog.c">
      <Filter>源文件\osip2</Filter>
    </ClCompile>
    <ClCompile Include="osip2\osip_event.c">
      <Filter>源文件\osip2</Filter>
    </ClCompile>
    <ClCompile Include="osip2\osip_time.c">
      <Filter>源文件\osip2</Filter>
    </ClCompile>
    <ClCompile Include="osip2\osip_transaction.c">
      <Filter>源文件\osip2</Filter>
    </ClCompile>
    <ClCompile Include="osip2\port_condv.c">
      <Filter>源文件\osip2</Filter>
    </ClCompile>
    <ClCompile Include="osip2\port_fifo.c">
      <Filter>源文件\osip2</Filter>
    </ClCompile>
    <ClCompile Include="osip2\port_sema.c">
      <Filter>源文件\osip2</Filter>
    </ClCompile>
    <ClCompile Include="osip2\port_thread.c">
      <Filter>源文件\osip2</Filter>
    </ClCompile>
    <ClCompile Include="osipparser2\osip_accept.c">
      <Filter>源文件\osipparser2</Filter>
    </ClCompile>
    <ClCompile Include="osipparser2\osip_accept_encoding.c">
      <Filter>源文件\osipparser2</Filter>
    </ClCompile>
    <ClCompile Include="osipparser2\osip_accept_language.c">
      <Filter>源文件\osipparser2</Filter>
    </ClCompile>
    <ClCompile Include="osipparser2\osip_alert_info.c">
      <Filter>源文件\osipparser2</Filter>
    </ClCompile>
    <ClCompile Include="osipparser2\osip_allow.c">
      <Filter>源文件\osipparser2</Filter>
    </ClCompile>
    <ClCompile Include="osipparser2\osip_authentication_info.c">
      <Filter>源文件\osipparser2</Filter>
    </ClCompile>
    <ClCompile Include="osipparser2\osip_authorization.c">
      <Filter>源文件\osipparser2</Filter>
    </ClCompile>
    <ClCompile Include="osipparser2\osip_body.c">
      <Filter>源文件\osipparser2</Filter>
    </ClCompile>
    <ClCompile Include="osipparser2\osip_call_id.c">
      <Filter>源文件\osipparser2</Filter>
    </ClCompile>
    <ClCompile Include="osipparser2\osip_call_info.c">
      <Filter>源文件\osipparser2</Filter>
    </ClCompile>
    <ClCompile Include="osipparser2\osip_contact.c">
      <Filter>源文件\osipparser2</Filter>
    </ClCompile>
    <ClCompile Include="osipparser2\osip_content_disposition.c">
      <Filter>源文件\osipparser2</Filter>
    </ClCompile>
    <ClCompile Include="osipparser2\osip_content_encoding.c">
      <Filter>源文件\osipparser2</Filter>
    </ClCompile>
    <ClCompile Include="osipparser2\osip_content_length.c">
      <Filter>源文件\osipparser2</Filter>
    </ClCompile>
    <ClCompile Include="osipparser2\osip_content_type.c">
      <Filter>源文件\osipparser2</Filter>
    </ClCompile>
    <ClCompile Include="osipparser2\osip_cseq.c">
      <Filter>源文件\osipparser2</Filter>
    </ClCompile>
    <ClCompile Include="osipparser2\osip_error_info.c">
      <Filter>源文件\osipparser2</Filter>
    </ClCompile>
    <ClCompile Include="osipparser2\osip_from.c">
      <Filter>源文件\osipparser2</Filter>
    </ClCompile>
    <ClCompile Include="osipparser2\osip_header.c">
      <Filter>源文件\osipparser2</Filter>
    </ClCompile>
    <ClCompile Include="osipparser2\osip_list.c">
      <Filter>源文件\osipparser2</Filter>
    </ClCompile>
    <ClCompile Include="osipparser2\osip_md5c.c">
      <Filter>源文件\osipparser2</Filter>
    </ClCompile>
    <ClCompile Include="osipparser2\osip_message.c">
      <Filter>源文件\osipparser2</Filter>
    </ClCompile>
    <ClCompile Include="osipparser2\osip_message_parse.c">
      <Filter>源文件\osipparser2</Filter>
    </ClCompile>
    <ClCompile Include="osipparser2\osip_message_to_str.c">
      <Filter>源文件\osipparser2</Filter>
    </ClCompile>
    <ClCompile Include="osipparser2\osip_mime_version.c">
      <Filter>源文件\osipparser2</Filter>
    </ClCompile>
    <ClCompile Include="osipparser2\osip_parser_cfg.c">
      <Filter>源文件\osipparser2</Filter>
    </ClCompile>
    <ClCompile Include="osipparser2\osip_port.c">
      <Filter>源文件\osipparser2</Filter>
    </ClCompile>
    <ClCompile Include="osipparser2\osip_proxy_authenticate.c">
      <Filter>源文件\osipparser2</Filter>
    </ClCompile>
    <ClCompile Include="osipparser2\osip_proxy_authentication_info.c">
      <Filter>源文件\osipparser2</Filter>
    </ClCompile>
    <ClCompile Include="osipparser2\osip_proxy_authorization.c">
      <Filter>源文件\osipparser2</Filter>
    </ClCompile>
    <ClCompile Include="osipparser2\osip_record_route.c">
      <Filter>源文件\osipparser2</Filter>
    </ClCompile>
    <ClCompile Include="osipparser2\osip_route.c">
      <Filter>源文件\osipparser2</Filter>
    </ClCompile>
    <ClCompile Include="osipparser2\osip_to.c">
      <Filter>源文件\osipparser2</Filter>
    </ClCompile>
    <ClCompile Include="osipparser2\osip_uri.c">
      <Filter>源文件\osipparser2</Filter>
    </ClCompile>
    <ClCompile Include="osipparser2\osip_via.c">
      <Filter>源文件\osipparser2</Filter>
    </ClCompile>
    <ClCompile Include="osipparser2\osip_www_authenticate.c">
      <Filter>源文件\osipparser2</Filter>
    </ClCompile>
    <ClCompile Include="osipparser2\sdp_accessor.c">
      <Filter>源文件\osipparser2</Filter>
    </ClCompile>
    <ClCompile Include="osipparser2\sdp_message.c">
      <Filter>源文件\osipparser2</Filter>
    </ClCompile>
  </ItemGroup>
</Project>